#MicroXplorer Configuration settings - do not modify
Dma.Request0=USART1_TX
Dma.RequestsNb=1
Dma.USART1_TX.0.Direction=DMA_MEMORY_TO_PERIPH
Dma.USART1_TX.0.Instance=DMA1_Channel4
Dma.USART1_TX.0.MemDataAlignment=DMA_MDATAALIGN_BYTE
Dma.USART1_TX.0.MemInc=DMA_MINC_ENABLE
Dma.USART1_TX.0.Mode=DMA_NORMAL
Dma.USART1_TX.0.PeriphDataAlignment=DMA_PDATAALIGN_BYTE
Dma.USART1_TX.0.PeriphInc=DMA_PINC_DISABLE
Dma.USART1_TX.0.Priority=DMA_PRIORITY_LOW
Dma.USART1_TX.0.RequestParameters=Instance,Direction,PeriphInc,MemInc,PeriphDataAlignment,MemDataAlignment,Mode,Priority
ETH.IPParameters=MediaInterface,PhyAddress,MACAddr
ETH.MACAddr=00\:80\:E1\:00\:00\:CC
ETH.MediaInterface=ETH_MEDIA_INTERFACE_RMII
ETH.PhyAddress=0
FREERTOS.FootprintOK=true
FREERTOS.INCLUDE_eTaskGetState=1
FREERTOS.INCLUDE_pcTaskGetTaskName=1
FREERTOS.INCLUDE_uxTaskGetStackHighWaterMark=1
FREERTOS.INCLUDE_vTaskCleanUpResources=1
FREERTOS.INCLUDE_vTaskDelayUntil=1
FREERTOS.INCLUDE_xQueueGetMutexHolder=1
FREERTOS.INCLUDE_xSemaphoreGetMutexHolder=1
FREERTOS.INCLUDE_xTaskAbortDelay=1
FREERTOS.INCLUDE_xTaskGetCurrentTaskHandle=1
FREERTOS.INCLUDE_xTaskGetHandle=1
FREERTOS.IPParameters=Tasks01,configTOTAL_HEAP_SIZE,FootprintOK,Queues01,configUSE_COUNTING_SEMAPHORES,configUSE_RECURSIVE_MUTEXES,INCLUDE_vTaskDelayUntil,INCLUDE_xSemaphoreGetMutexHolder,INCLUDE_xQueueGetMutexHolder,INCLUDE_pcTaskGetTaskName,INCLUDE_uxTaskGetStackHighWaterMark,INCLUDE_xTaskGetCurrentTaskHandle,INCLUDE_eTaskGetState,INCLUDE_xTaskAbortDelay,INCLUDE_xTaskGetHandle,INCLUDE_vTaskCleanUpResources
FREERTOS.Queues01=UART_q,200,uint8_t,0,Dynamic,NULL,NULL;ETH_client_q,16,uint32_t,0,Dynamic,NULL,NULL
FREERTOS.Tasks01=defaultTask,0,128,StartDefaultTask,Default,NULL,Dynamic,NULL,NULL;ETH_epoch_clien,-3,256,ETH_epoch_client_f,Default,NULL,Dynamic,NULL,NULL;UART_task,-3,128,UART_f,Default,NULL,Dynamic,NULL,NULL;ETH_cmd_client_,-3,256,ETH_cmd_client_f,Default,NULL,Dynamic,NULL,NULL
FREERTOS.configTOTAL_HEAP_SIZE=12000
FREERTOS.configUSE_COUNTING_SEMAPHORES=1
FREERTOS.configUSE_RECURSIVE_MUTEXES=1
File.Version=6
KeepUserPlacement=false
LWIP.ARP_QUEUEING=1
LWIP.ARP_QUEUE_LEN=0
LWIP.CHECKSUM_GEN_ICMP=1
LWIP.CHECKSUM_GEN_TCP=1
LWIP.CHECKSUM_GEN_UDP=1
LWIP.DEFAULT_RAW_RECVMBOX_SIZE=6
LWIP.GATEWAY_ADDRESS=172.016.001.001
LWIP.IPParameters=LWIP_DHCP,IP_ADDRESS,NETMASK_ADDRESS,GATEWAY_ADDRESS,LWIP_ALLOW_MEM_FREE_FROM_OTHER_CONTEXT,LWIP_DBG_MIN_LEVEL,CHECKSUM_GEN_TCP,CHECKSUM_GEN_ICMP,CHECKSUM_GEN_UDP,ARP_QUEUEING,LWIP_NETIF_LOOPBACK,DEFAULT_RAW_RECVMBOX_SIZE,MEMP_MEM_MALLOC,MEM_LIBC_MALLOC,LWIP_TCPIP_CORE_LOCKING,LWIP_TCPIP_CORE_LOCKING_INPUT,LWIP_MPU_COMPATIBLE,MEM_SIZE,MEMP_OVERFLOW_CHECK,MEMP_SANITY_CHECK,ARP_QUEUE_LEN,PBUF_POOL_BUFSIZE,TCPIP_THREAD_STACKSIZE,SLIPIF_THREAD_STACKSIZE
LWIP.IP_ADDRESS=172.016.001.002
LWIP.LWIP_ALLOW_MEM_FREE_FROM_OTHER_CONTEXT=1
LWIP.LWIP_DBG_MIN_LEVEL=LWIP_DBG_LEVEL_ALL
LWIP.LWIP_DHCP=0
LWIP.LWIP_MPU_COMPATIBLE=1
LWIP.LWIP_NETIF_LOOPBACK=1
LWIP.LWIP_TCPIP_CORE_LOCKING=1
LWIP.LWIP_TCPIP_CORE_LOCKING_INPUT=1
LWIP.MEMP_MEM_MALLOC=0
LWIP.MEMP_OVERFLOW_CHECK=1
LWIP.MEMP_SANITY_CHECK=1
LWIP.MEM_LIBC_MALLOC=0
LWIP.MEM_SIZE=1600
LWIP.NETMASK_ADDRESS=255.255.255.000
LWIP.PBUF_POOL_BUFSIZE=1024
LWIP.SLIPIF_THREAD_STACKSIZE=512
LWIP.TCPIP_THREAD_STACKSIZE=512
LWIP.Version=v2.0.0_Cube
Mcu.Family=STM32F1
Mcu.IP0=CRC
Mcu.IP1=DMA
Mcu.IP2=ETH
Mcu.IP3=FREERTOS
Mcu.IP4=LWIP
Mcu.IP5=NVIC
Mcu.IP6=RCC
Mcu.IP7=SYS
Mcu.IP8=USART1
Mcu.IPNb=9
Mcu.Name=STM32F107R(B-C)Tx
Mcu.Package=LQFP64
Mcu.Pin0=PD0-OSC_IN
Mcu.Pin1=PD1-OSC_OUT
Mcu.Pin10=PB12
Mcu.Pin11=PB13
Mcu.Pin12=PA8
Mcu.Pin13=PA9
Mcu.Pin14=PA10
Mcu.Pin15=PA13
Mcu.Pin16=PA14
Mcu.Pin17=VP_CRC_VS_CRC
Mcu.Pin18=VP_FREERTOS_VS_CMSIS_V1
Mcu.Pin19=VP_LWIP_VS_Enabled
Mcu.Pin2=PC1
Mcu.Pin20=VP_SYS_VS_tim1
Mcu.Pin3=PC2
Mcu.Pin4=PA1
Mcu.Pin5=PA2
Mcu.Pin6=PA7
Mcu.Pin7=PC4
Mcu.Pin8=PC5
Mcu.Pin9=PB11
Mcu.PinsNb=21
Mcu.ThirdPartyNb=0
Mcu.UserConstants=
Mcu.UserName=STM32F107RCTx
MxCube.Version=5.1.0
MxDb.Version=DB.5.0.10
NVIC.BusFault_IRQn=true\:0\:0\:false\:false\:true\:false\:false\:false
NVIC.DMA1_Channel4_IRQn=true\:5\:0\:false\:false\:true\:true\:false\:true
NVIC.DebugMonitor_IRQn=true\:0\:0\:false\:false\:true\:false\:false\:false
NVIC.ETH_IRQn=true\:5\:0\:false\:false\:true\:true\:false\:true
NVIC.ForceEnableDMAVector=true
NVIC.HardFault_IRQn=true\:0\:0\:false\:false\:true\:false\:false\:false
NVIC.MemoryManagement_IRQn=true\:0\:0\:false\:false\:true\:false\:false\:false
NVIC.NonMaskableInt_IRQn=true\:0\:0\:false\:false\:true\:false\:false\:false
NVIC.PendSV_IRQn=true\:15\:0\:false\:false\:false\:true\:false\:false
NVIC.PriorityGroup=NVIC_PRIORITYGROUP_4
NVIC.SVCall_IRQn=true\:0\:0\:false\:false\:false\:false\:false\:false
NVIC.SysTick_IRQn=true\:15\:0\:false\:false\:false\:true\:false\:true
NVIC.TIM1_UP_IRQn=true\:0\:0\:false\:false\:true\:false\:false\:true
NVIC.TimeBase=TIM1_UP_IRQn
NVIC.TimeBaseIP=TIM1
NVIC.USART1_IRQn=true\:5\:0\:false\:false\:true\:true\:true\:true
NVIC.UsageFault_IRQn=true\:0\:0\:false\:false\:true\:false\:false\:false
PA1.Mode=RMII
PA1.Signal=ETH_REF_CLK
PA10.Mode=Asynchronous
PA10.Signal=USART1_RX
PA13.Mode=Serial_Wire
PA13.Signal=SYS_JTMS-SWDIO
PA14.Mode=Serial_Wire
PA14.Signal=SYS_JTCK-SWCLK
PA2.Mode=RMII
PA2.Signal=ETH_MDIO
PA7.Mode=RMII
PA7.Signal=ETH_CRS_DV
PA8.Mode=Clock-out
PA8.Signal=RCC_MCO
PA9.Mode=Asynchronous
PA9.Signal=USART1_TX
PB11.Mode=RMII
PB11.Signal=ETH_TX_EN
PB12.Mode=RMII
PB12.Signal=ETH_TXD0
PB13.Mode=RMII
PB13.Signal=ETH_TXD1
PC1.Mode=RMII
PC1.Signal=ETH_MDC
PC2.GPIOParameters=GPIO_Label
PC2.GPIO_Label=LAN_RESET
PC2.Locked=true
PC2.Signal=GPIO_Output
PC4.Mode=RMII
PC4.Signal=ETH_RXD0
PC5.Mode=RMII
PC5.Signal=ETH_RXD1
PD0-OSC_IN.Mode=HSE-External-Oscillator
PD0-OSC_IN.Signal=RCC_OSC_IN
PD1-OSC_OUT.Mode=HSE-External-Oscillator
PD1-OSC_OUT.Signal=RCC_OSC_OUT
PinOutPanel.RotationAngle=0
ProjectManager.AskForMigrate=false
ProjectManager.BackupPrevious=false
ProjectManager.CompilerOptimize=6
ProjectManager.ComputerToolchain=false
ProjectManager.CoupleFile=false
ProjectManager.CustomerFirmwarePackage=
ProjectManager.DefaultFWLocation=true
ProjectManager.DeletePrevious=true
ProjectManager.DeviceId=STM32F107RCTx
ProjectManager.FirmwarePackage=STM32Cube FW_F1 V1.7.0
ProjectManager.FreePins=false
ProjectManager.HalAssertFull=true
ProjectManager.HeapSize=0x200
ProjectManager.KeepUserCode=true
ProjectManager.LastFirmware=true
ProjectManager.LibraryCopy=0
ProjectManager.MainLocation=Src
ProjectManager.NoMain=false
ProjectManager.PreviousToolchain=
ProjectManager.ProjectBuild=false
ProjectManager.ProjectFileName=V3.ioc
ProjectManager.ProjectName=V3
ProjectManager.StackSize=0x400
ProjectManager.TargetToolchain=MDK-ARM V5
ProjectManager.ToolChainLocation=
ProjectManager.UnderRoot=false
ProjectManager.functionlistsort=1-MX_GPIO_Init-GPIO-false-HAL-true,2-MX_DMA_Init-DMA-false-HAL-true,3-MX_LWIP_Init-LWIP-false-HAL-true,4-MX_USART1_UART_Init-USART1-false-HAL-true,5-MX_CRC_Init-CRC-false-HAL-true,6-SystemClock_Config-RCC-false-HAL-false
RCC.ADCFreqValue=25000000
RCC.AHBFreq_Value=50000000
RCC.APB1CLKDivider=RCC_HCLK_DIV2
RCC.APB1Freq_Value=25000000
RCC.APB1TimFreq_Value=50000000
RCC.APB2Freq_Value=50000000
RCC.APB2TimFreq_Value=50000000
RCC.FCLKCortexFreq_Value=50000000
RCC.FamilyName=M
RCC.HCLKFreq_Value=50000000
RCC.HSE_VALUE=10000000
RCC.I2S2Freq_Value=50000000
RCC.I2S3Freq_Value=50000000
RCC.IPParameters=ADCFreqValue,AHBFreq_Value,APB1CLKDivider,APB1Freq_Value,APB1TimFreq_Value,APB2Freq_Value,APB2TimFreq_Value,FCLKCortexFreq_Value,FamilyName,HCLKFreq_Value,HSE_VALUE,I2S2Freq_Value,I2S3Freq_Value,MCOFreq_Value,PLL2CLKoutputFreqValue,PLL2VCOoutputFreqValue,PLL3CLKoutputFreqValue,PLL3VCOoutputFreqValue,PLLCLKFreq_Value,PLLMUL,PLLSourceVirtual,Prediv2FreqValue,RCC_MCOSource,SYSCLKFreq_VALUE,SYSCLKSource,TimSysFreq_Value,USBFreq_Value,VCOOutput2Freq_Value
RCC.MCOFreq_Value=25000000
RCC.PLL2CLKoutputFreqValue=80000000
RCC.PLL2VCOoutputFreqValue=160000000
RCC.PLL3CLKoutputFreqValue=80000000
RCC.PLL3VCOoutputFreqValue=160000000
RCC.PLLCLKFreq_Value=50000000
RCC.PLLMUL=RCC_PLL_MUL5
RCC.PLLSourceVirtual=RCC_PLLSOURCE_HSE
RCC.Prediv2FreqValue=10000000
RCC.RCC_MCOSource=RCC_MCO1SOURCE_PLLCLK
RCC.SYSCLKFreq_VALUE=50000000
RCC.SYSCLKSource=RCC_SYSCLKSOURCE_PLLCLK
RCC.TimSysFreq_Value=50000000
RCC.USBFreq_Value=33333333.333333332
RCC.VCOOutput2Freq_Value=10000000
USART1.BaudRate=9600
USART1.IPParameters=VirtualMode,BaudRate
USART1.VirtualMode=VM_ASYNC
VP_CRC_VS_CRC.Mode=CRC_Activate
VP_CRC_VS_CRC.Signal=CRC_VS_CRC
VP_FREERTOS_VS_CMSIS_V1.Mode=CMSIS_V1
VP_FREERTOS_VS_CMSIS_V1.Signal=FREERTOS_VS_CMSIS_V1
VP_LWIP_VS_Enabled.Mode=Enabled
VP_LWIP_VS_Enabled.Signal=LWIP_VS_Enabled
VP_SYS_VS_tim1.Mode=TIM1
VP_SYS_VS_tim1.Signal=SYS_VS_tim1
board=custom
