#MicroXplorer Configuration settings - do not modify
FREERTOS.FootprintOK=true
FREERTOS.IPParameters=Tasks01,FootprintOK,configTOTAL_HEAP_SIZE,Queues01,configUSE_NEWLIB_REENTRANT,configLIBRARY_MAX_SYSCALL_INTERRUPT_PRIORITY
FREERTOS.Queues01=AppliEvent,16,uint16_t,0,Dynamic,NULL,NULL;USB_rx,10,uint32_t,0,Dynamic,NULL,NULL
FREERTOS.Tasks01=defaultTask,0,128,StartDefaultTask,Default,NULL,Dynamic,NULL,NULL;storage_t,0,512,storage_f,Default,NULL,Dynamic,NULL,NULL;icListen_t,0,256,icListen_f,Default,NULL,Dynamic,NULL,NULL
FREERTOS.configLIBRARY_MAX_SYSCALL_INTERRUPT_PRIORITY=5
FREERTOS.configTOTAL_HEAP_SIZE=8000
FREERTOS.configUSE_NEWLIB_REENTRANT=1
File.Version=6
GPIO.groupedBy=Group By Peripherals
KeepUserPlacement=false
Mcu.CPN=STM32F107RCT6
Mcu.Family=STM32F1
Mcu.IP0=FREERTOS
Mcu.IP1=NVIC
Mcu.IP2=RCC
Mcu.IP3=SPI1
Mcu.IP4=SYS
Mcu.IP5=TIM2
Mcu.IP6=USART1
Mcu.IP7=USB_HOST
Mcu.IP8=USB_OTG_FS
Mcu.IPNb=9
Mcu.Name=STM32F107R(B-C)Tx
Mcu.Package=LQFP64
Mcu.Pin0=PD0-OSC_IN
Mcu.Pin1=PD1-OSC_OUT
Mcu.Pin10=PA12
Mcu.Pin11=PB3
Mcu.Pin12=PB4
Mcu.Pin13=PB5
Mcu.Pin14=VP_FREERTOS_VS_CMSIS_V1
Mcu.Pin15=VP_SYS_VS_ND
Mcu.Pin16=VP_SYS_VS_tim1
Mcu.Pin17=VP_TIM2_VS_ClockSourceINT
Mcu.Pin18=VP_USB_HOST_VS_USB_HOST_CDC_FS
Mcu.Pin2=PC1
Mcu.Pin3=PA1
Mcu.Pin4=PA2
Mcu.Pin5=PA7
Mcu.Pin6=PB0
Mcu.Pin7=PA9
Mcu.Pin8=PA10
Mcu.Pin9=PA11
Mcu.PinsNb=19
Mcu.ThirdPartyNb=0
Mcu.UserConstants=
Mcu.UserName=STM32F107RCTx
MxCube.Version=6.5.0
MxDb.Version=DB.6.0.50
NVIC.BusFault_IRQn=true\:0\:0\:false\:false\:true\:false\:false\:false\:true
NVIC.DebugMonitor_IRQn=true\:0\:0\:false\:false\:true\:false\:false\:false\:true
NVIC.ForceEnableDMAVector=true
NVIC.HardFault_IRQn=true\:0\:0\:false\:false\:true\:false\:false\:false\:true
NVIC.MemoryManagement_IRQn=true\:0\:0\:false\:false\:true\:false\:false\:false\:true
NVIC.NonMaskableInt_IRQn=true\:0\:0\:false\:false\:true\:false\:false\:false\:true
NVIC.OTG_FS_IRQn=true\:5\:0\:true\:false\:true\:true\:true\:true\:true
NVIC.PendSV_IRQn=true\:15\:0\:false\:false\:false\:true\:false\:false\:true
NVIC.PriorityGroup=NVIC_PRIORITYGROUP_4
NVIC.SPI1_IRQn=true\:5\:0\:true\:false\:true\:true\:true\:true\:true
NVIC.SVCall_IRQn=true\:0\:0\:false\:false\:false\:false\:false\:false\:true
NVIC.SavedPendsvIrqHandlerGenerated=true
NVIC.SavedSvcallIrqHandlerGenerated=true
NVIC.SavedSystickIrqHandlerGenerated=true
NVIC.SysTick_IRQn=true\:15\:0\:false\:false\:false\:true\:false\:true\:true
NVIC.TIM1_UP_IRQn=true\:15\:0\:false\:false\:true\:false\:false\:true\:true
NVIC.TIM2_IRQn=true\:5\:0\:true\:false\:true\:true\:true\:true\:true
NVIC.TimeBase=TIM1_UP_IRQn
NVIC.TimeBaseIP=TIM1
NVIC.USART1_IRQn=true\:5\:0\:true\:false\:true\:true\:true\:true\:true
NVIC.UsageFault_IRQn=true\:0\:0\:false\:false\:true\:false\:false\:false\:true
PA1.GPIOParameters=PinState,GPIO_Label
PA1.GPIO_Label=SS_SD1
PA1.Locked=true
PA1.PinState=GPIO_PIN_SET
PA1.Signal=GPIO_Output
PA10.Locked=true
PA10.Mode=Asynchronous
PA10.Signal=USART1_RX
PA11.Mode=Host_Only
PA11.Signal=USB_OTG_FS_DM
PA12.Mode=Host_Only
PA12.Signal=USB_OTG_FS_DP
PA2.GPIOParameters=PinState,GPIO_Label
PA2.GPIO_Label=SS_SD2
PA2.Locked=true
PA2.PinState=GPIO_PIN_SET
PA2.Signal=GPIO_Output
PA7.GPIOParameters=PinState,GPIO_Label
PA7.GPIO_Label=SS_SD4
PA7.Locked=true
PA7.PinState=GPIO_PIN_SET
PA7.Signal=GPIO_Output
PA9.Locked=true
PA9.Mode=Asynchronous
PA9.Signal=USART1_TX
PB0.GPIOParameters=GPIO_Label
PB0.GPIO_Label=USB_VBUS
PB0.Locked=true
PB0.Signal=GPIO_Output
PB3.Mode=Full_Duplex_Master
PB3.Signal=SPI1_SCK
PB4.Mode=Full_Duplex_Master
PB4.Signal=SPI1_MISO
PB5.Mode=Full_Duplex_Master
PB5.Signal=SPI1_MOSI
PC1.GPIOParameters=PinState,GPIO_Label
PC1.GPIO_Label=SS_SD3
PC1.Locked=true
PC1.PinState=GPIO_PIN_SET
PC1.Signal=GPIO_Output
PD0-OSC_IN.Mode=HSE-External-Oscillator
PD0-OSC_IN.Signal=RCC_OSC_IN
PD1-OSC_OUT.Mode=HSE-External-Oscillator
PD1-OSC_OUT.Signal=RCC_OSC_OUT
PinOutPanel.RotationAngle=0
ProjectManager.AskForMigrate=true
ProjectManager.BackupPrevious=false
ProjectManager.CompilerOptimize=6
ProjectManager.ComputerToolchain=false
ProjectManager.CoupleFile=false
ProjectManager.CustomerFirmwarePackage=
ProjectManager.DefaultFWLocation=true
ProjectManager.DeletePrevious=true
ProjectManager.DeviceId=STM32F107RCTx
ProjectManager.FirmwarePackage=STM32Cube FW_F1 V1.8.4
ProjectManager.FreePins=false
ProjectManager.HalAssertFull=false
ProjectManager.HeapSize=0x200
ProjectManager.KeepUserCode=true
ProjectManager.LastFirmware=true
ProjectManager.LibraryCopy=1
ProjectManager.MainLocation=Core/Src
ProjectManager.NoMain=false
ProjectManager.PreviousToolchain=STM32CubeIDE
ProjectManager.ProjectBuild=false
ProjectManager.ProjectFileName=icListen_SD9_USB_R_V1.ioc
ProjectManager.ProjectName=icListen_SD9_USB_R_V1
ProjectManager.RegisterCallBack=
ProjectManager.StackSize=0x400
ProjectManager.TargetToolchain=STM32CubeIDE
ProjectManager.ToolChainLocation=
ProjectManager.UnderRoot=true
ProjectManager.functionlistsort=1-SystemClock_Config-RCC-false-HAL-false,2-MX_GPIO_Init-GPIO-false-HAL-true,3-MX_SPI1_Init-SPI1-false-HAL-true,4-MX_USART1_UART_Init-USART1-false-HAL-true,5-MX_USB_HOST_Init-USB_HOST-false-HAL-false,6-MX_TIM2_Init-TIM2-false-HAL-true
RCC.ADCFreqValue=36000000
RCC.AHBFreq_Value=72000000
RCC.APB1CLKDivider=RCC_HCLK_DIV2
RCC.APB1Freq_Value=36000000
RCC.APB1TimFreq_Value=72000000
RCC.APB2Freq_Value=72000000
RCC.APB2TimFreq_Value=72000000
RCC.FCLKCortexFreq_Value=72000000
RCC.FamilyName=M
RCC.HCLKFreq_Value=72000000
RCC.HSEDivPLL=RCC_HSE_PREDIV_DIV5
RCC.HSE_VALUE=10000000
RCC.I2S2Freq_Value=72000000
RCC.I2S3Freq_Value=72000000
RCC.IPParameters=ADCFreqValue,AHBFreq_Value,APB1CLKDivider,APB1Freq_Value,APB1TimFreq_Value,APB2Freq_Value,APB2TimFreq_Value,FCLKCortexFreq_Value,FamilyName,HCLKFreq_Value,HSEDivPLL,HSE_VALUE,I2S2Freq_Value,I2S3Freq_Value,MCOFreq_Value,PLL2CLKoutputFreqValue,PLL2VCOoutputFreqValue,PLL3CLKoutputFreqValue,PLL3VCOoutputFreqValue,PLLCLKFreq_Value,PLLMUL,Prediv1Source,Prediv2,Prediv2FreqValue,SYSCLKFreq_VALUE,SYSCLKSource,TimSysFreq_Value,USBFreq_Value,VCOOutput2Freq_Value
RCC.MCOFreq_Value=72000000
RCC.PLL2CLKoutputFreqValue=40000000
RCC.PLL2VCOoutputFreqValue=80000000
RCC.PLL3CLKoutputFreqValue=40000000
RCC.PLL3VCOoutputFreqValue=80000000
RCC.PLLCLKFreq_Value=72000000
RCC.PLLMUL=RCC_PLL_MUL9
RCC.Prediv1Source=RCC_PREDIV1_SOURCE_PLL2
RCC.Prediv2=RCC_HSE_PREDIV2_DIV2
RCC.Prediv2FreqValue=5000000
RCC.SYSCLKFreq_VALUE=72000000
RCC.SYSCLKSource=RCC_SYSCLKSOURCE_PLLCLK
RCC.TimSysFreq_Value=72000000
RCC.USBFreq_Value=48000000
RCC.VCOOutput2Freq_Value=8000000
SPI1.BaudRatePrescaler=SPI_BAUDRATEPRESCALER_4
SPI1.CalculateBaudRate=18.0 MBits/s
SPI1.Direction=SPI_DIRECTION_2LINES
SPI1.IPParameters=VirtualType,Mode,Direction,BaudRatePrescaler,CalculateBaudRate
SPI1.Mode=SPI_MODE_MASTER
SPI1.VirtualType=VM_MASTER
TIM2.IPParameters=Prescaler
TIM2.Prescaler=39999
USART1.IPParameters=VirtualMode
USART1.VirtualMode=VM_ASYNC
USB_HOST.BSP.number=1
USB_HOST.IPParameters=VirtualModeFS,USBH_HandleTypeDef,USBH_USE_OS-CDC_FS,USBH_MAX_NUM_SUPPORTED_CLASS,USBH_MAX_NUM_CONFIGURATION,USBH_PROCESS_STACK_SIZE,USBH_PROCESS_PRIO,USBH_MAX_NUM_ENDPOINTS,USBH_MAX_NUM_INTERFACES,USBH_MAX_DATA_BUFFER
USB_HOST.USBH_HandleTypeDef=hUsbHostFS
USB_HOST.USBH_MAX_DATA_BUFFER=512
USB_HOST.USBH_MAX_NUM_CONFIGURATION=1
USB_HOST.USBH_MAX_NUM_ENDPOINTS=2
USB_HOST.USBH_MAX_NUM_INTERFACES=2
USB_HOST.USBH_MAX_NUM_SUPPORTED_CLASS=1
USB_HOST.USBH_PROCESS_PRIO=osPriorityRealtime
USB_HOST.USBH_PROCESS_STACK_SIZE=256
USB_HOST.USBH_USE_OS-CDC_FS=0
USB_HOST.VirtualModeFS=Cdc
USB_HOST0.BSP.STBoard=false
USB_HOST0.BSP.api=Unknown
USB_HOST0.BSP.component=
USB_HOST0.BSP.condition=
USB_HOST0.BSP.i2caddr=0
USB_HOST0.BSP.i2creg=
USB_HOST0.BSP.instance=PB0
USB_HOST0.BSP.ip=GPIO
USB_HOST0.BSP.mode=Output
USB_HOST0.BSP.name=Drive_VBUS_FS
USB_HOST0.BSP.semaphore=
USB_HOST0.BSP.solution=PB0
USB_OTG_FS.IPParameters=VirtualMode,Sof_enable
USB_OTG_FS.Sof_enable=ENABLE
USB_OTG_FS.VirtualMode=Host_Only
VP_FREERTOS_VS_CMSIS_V1.Mode=CMSIS_V1
VP_FREERTOS_VS_CMSIS_V1.Signal=FREERTOS_VS_CMSIS_V1
VP_SYS_VS_ND.Mode=No_Debug
VP_SYS_VS_ND.Signal=SYS_VS_ND
VP_SYS_VS_tim1.Mode=TIM1
VP_SYS_VS_tim1.Signal=SYS_VS_tim1
VP_TIM2_VS_ClockSourceINT.Mode=Internal
VP_TIM2_VS_ClockSourceINT.Signal=TIM2_VS_ClockSourceINT
VP_USB_HOST_VS_USB_HOST_CDC_FS.Mode=CDC_FS
VP_USB_HOST_VS_USB_HOST_CDC_FS.Signal=USB_HOST_VS_USB_HOST_CDC_FS
board=custom
